
Microsoft Visual Studio Solution File, Format Version 12.00
# Visual Studio 15
VisualStudioVersion = 15.0.27130.2036
MinimumVisualStudioVersion = 10.0.40219.1
Project("{FAE04EC0-301F-11D3-BF4B-00C04F79EFBC}") = "Question 3", "Question 3\Question 3.csproj", "{1E5FA512-F7F9-4DD7-8FA3-299C84A26FB4}"
EndProject
Global
	GlobalSection(SolutionConfigurationPlatforms) = preSolution
		Debug|Any CPU = Debug|Any CPU
		Release|Any CPU = Release|Any CPU
	EndGlobalSection
	GlobalSection(ProjectConfigurationPlatforms) = postSolution
		{1E5FA512-F7F9-4DD7-8FA3-299C84A26FB4}.Debug|Any CPU.ActiveCfg = Debug|Any CPU
		{1E5FA512-F7F9-4DD7-8FA3-299C84A26FB4}.Debug|Any CPU.Build.0 = Debug|Any CPU
		{1E5FA512-F7F9-4DD7-8FA3-299C84A26FB4}.Release|Any CPU.ActiveCfg = Release|Any CPU
		{1E5FA512-F7F9-4DD7-8FA3-299C84A26FB4}.Release|Any CPU.Build.0 = Release|Any CPU
	EndGlobalSection
	GlobalSection(SolutionProperties) = preSolution
		HideSolutionNode = FALSE
	EndGlobalSection
	GlobalSection(ExtensibilityGlobals) = postSolution
		SolutionGuid = {0A20B6D3-BBC2-4539-BEAF-24838BF73A5F}
	EndGlobalSection
EndGlobal
